
Microsoft Visual Studio Solution File, Format Version 12.00
# 
Project("{FAE04EC0-301F-11D3-BF4B-00C04F79EFBC}") = "Spring2025_Samples", "Spring2025_Samples\Spring2025_Samples.csproj", "{C03E2C74-EE8C-4CEE-85BD-317B389EC9F9}"
EndProject
Project("{FAE04EC0-301F-11D3-BF4B-00C04F79EFBC}") = "Library.eCommerce", "Library.eCommerce\Library.eCommerce.csproj", "{051C8415-BC8B-46AA-9EA2-70BB6B5213C3}"
EndProject
Global
	GlobalSection(SolutionConfigurationPlatforms) = preSolution
		Debug|Any CPU = Debug|Any CPU
		Release|Any CPU = Release|Any CPU
	EndGlobalSection
	GlobalSection(ProjectConfigurationPlatforms) = postSolution
		{C03E2C74-EE8C-4CEE-85BD-317B389EC9F9}.Debug|Any CPU.ActiveCfg = Debug|Any CPU
		{C03E2C74-EE8C-4CEE-85BD-317B389EC9F9}.Debug|Any CPU.Build.0 = Debug|Any CPU
		{C03E2C74-EE8C-4CEE-85BD-317B389EC9F9}.Release|Any CPU.ActiveCfg = Release|Any CPU
		{C03E2C74-EE8C-4CEE-85BD-317B389EC9F9}.Release|Any CPU.Build.0 = Release|Any CPU
		{051C8415-BC8B-46AA-9EA2-70BB6B5213C3}.Debug|Any CPU.ActiveCfg = Debug|Any CPU
		{051C8415-BC8B-46AA-9EA2-70BB6B5213C3}.Debug|Any CPU.Build.0 = Debug|Any CPU
		{051C8415-BC8B-46AA-9EA2-70BB6B5213C3}.Release|Any CPU.ActiveCfg = Release|Any CPU
		{051C8415-BC8B-46AA-9EA2-70BB6B5213C3}.Release|Any CPU.Build.0 = Release|Any CPU
	EndGlobalSection
EndGlobal
